
Microsoft Visual Studio Solution File, Format Version 12.00
# Visual Studio Version 18
VisualStudioVersion = 18.0.0.0
MinimumVisualStudioVersion = 10.0.40219.1
Project("{2150E333-8FDC-42A3-9474-1A3956D46DE8}") = "Solution Items", "Solution Items", "{748C5D73-B5AB-4BE0-919C-31FA5C5B5323}"
	ProjectSection(SolutionItems) = preProject
		docker-compose.yml = docker-compose.yml
		Dockerfile = Dockerfile
		LICENSE = LICENSE
		README.md = README.md
	EndProjectSection
EndProject
Project("{9A19103F-16F7-4668-BE54-9A1E7A4F7556}") = "bobdomain", "bobdomain\bobdomain.csproj", "{49A48843-ED29-4042-A4FB-0B9492E83CFC}"
EndProject
Project("{9A19103F-16F7-4668-BE54-9A1E7A4F7556}") = "bobweb", "bobweb\bobweb.csproj", "{30B8F281-1E97-4F50-950A-9CF715D69534}"
EndProject
Project("{2150E333-8FDC-42A3-9474-1A3956D46DE8}") = "bobstatic", "bobstatic", "{3586A1D0-07EC-4B5C-901C-939A55B13174}"
	ProjectSection(SolutionItems) = preProject
		bobstatic\bob_charting.html = bobstatic\bob_charting.html
		bobstatic\css\bobcalypso.css = bobstatic\css\bobcalypso.css
		bobstatic\icon100.ico = bobstatic\icon100.ico
		bobstatic\img\logo.png = bobstatic\img\logo.png
		bobstatic\img\logo.svg = bobstatic\img\logo.svg
		bobstatic\index.html = bobstatic\index.html
		bobstatic\javascript\overrides.js = bobstatic\javascript\overrides.js
		bobstatic\js\bob_alert.js = bobstatic\js\bob_alert.js
		bobstatic\js\bob_chart.js = bobstatic\js\bob_chart.js
		bobstatic\js\bob_charting.js = bobstatic\js\bob_charting.js
		bobstatic\js\bob_config.js = bobstatic\js\bob_config.js
		bobstatic\js\bob_seo.js = bobstatic\js\bob_seo.js
		bobstatic\js\bobcalypso.js = bobstatic\js\bobcalypso.js
		bobstatic\robots.txt = bobstatic\robots.txt
		bobstatic\sitemap.xml = bobstatic\sitemap.xml
	EndProjectSection
EndProject
Project("{9A19103F-16F7-4668-BE54-9A1E7A4F7556}") = "bobelectron", "bobelectron\bobelectron.csproj", "{FF2BE989-3920-4950-9B48-EC386DE16E0F}"
EndProject
Project("{9A19103F-16F7-4668-BE54-9A1E7A4F7556}") = "bobdomain.tests", "bobdomain.tests\bobdomain.tests.csproj", "{71EEB8CA-4471-4E49-A38E-E00F79594721}"
EndProject
Project("{9A19103F-16F7-4668-BE54-9A1E7A4F7556}") = "bobweb.tests", "bobweb.tests\bobweb.tests.csproj", "{C09D7F01-1ED8-4752-85C6-CAB995896BFF}"
EndProject
Global
	GlobalSection(SolutionConfigurationPlatforms) = preSolution
		Debug|Any CPU = Debug|Any CPU
		Release|Any CPU = Release|Any CPU
	EndGlobalSection
	GlobalSection(ProjectConfigurationPlatforms) = postSolution
		{49A48843-ED29-4042-A4FB-0B9492E83CFC}.Debug|Any CPU.ActiveCfg = Debug|Any CPU
		{49A48843-ED29-4042-A4FB-0B9492E83CFC}.Debug|Any CPU.Build.0 = Debug|Any CPU
		{49A48843-ED29-4042-A4FB-0B9492E83CFC}.Release|Any CPU.ActiveCfg = Release|Any CPU
		{49A48843-ED29-4042-A4FB-0B9492E83CFC}.Release|Any CPU.Build.0 = Release|Any CPU
		{30B8F281-1E97-4F50-950A-9CF715D69534}.Debug|Any CPU.ActiveCfg = Debug|Any CPU
		{30B8F281-1E97-4F50-950A-9CF715D69534}.Debug|Any CPU.Build.0 = Debug|Any CPU
		{30B8F281-1E97-4F50-950A-9CF715D69534}.Release|Any CPU.ActiveCfg = Release|Any CPU
		{30B8F281-1E97-4F50-950A-9CF715D69534}.Release|Any CPU.Build.0 = Release|Any CPU
		{FF2BE989-3920-4950-9B48-EC386DE16E0F}.Debug|Any CPU.ActiveCfg = Debug|Any CPU
		{FF2BE989-3920-4950-9B48-EC386DE16E0F}.Debug|Any CPU.Build.0 = Debug|Any CPU
		{FF2BE989-3920-4950-9B48-EC386DE16E0F}.Release|Any CPU.ActiveCfg = Release|Any CPU
		{FF2BE989-3920-4950-9B48-EC386DE16E0F}.Release|Any CPU.Build.0 = Release|Any CPU
		{71EEB8CA-4471-4E49-A38E-E00F79594721}.Debug|Any CPU.ActiveCfg = Debug|Any CPU
		{71EEB8CA-4471-4E49-A38E-E00F79594721}.Debug|Any CPU.Build.0 = Debug|Any CPU
		{71EEB8CA-4471-4E49-A38E-E00F79594721}.Release|Any CPU.ActiveCfg = Release|Any CPU
		{71EEB8CA-4471-4E49-A38E-E00F79594721}.Release|Any CPU.Build.0 = Release|Any CPU
		{C09D7F01-1ED8-4752-85C6-CAB995896BFF}.Debug|Any CPU.ActiveCfg = Debug|Any CPU
		{C09D7F01-1ED8-4752-85C6-CAB995896BFF}.Debug|Any CPU.Build.0 = Debug|Any CPU
		{C09D7F01-1ED8-4752-85C6-CAB995896BFF}.Release|Any CPU.ActiveCfg = Release|Any CPU
		{C09D7F01-1ED8-4752-85C6-CAB995896BFF}.Release|Any CPU.Build.0 = Release|Any CPU
	EndGlobalSection
	GlobalSection(SolutionProperties) = preSolution
		HideSolutionNode = FALSE
	EndGlobalSection
	GlobalSection(ExtensibilityGlobals) = postSolution
		SolutionGuid = {ABF8A49C-18E0-41CF-8375-C1561AB92327}
	EndGlobalSection
EndGlobal
